// !$*UTF8*$!
{
	archiveVersion = 1;
	classes = {
	};
	objectVersion = 46;
	objects = {

/* Begin PBXBuildFile section */
		022970F6802EFBB0827418F9 /* Pods_RecommendMe.framework in Frameworks */ = {isa = PBXBuildFile; fileRef = 9419073408F915D68D9ABB04 /* Pods_RecommendMe.framework */; };
		948D1D4E1CA74F8F0051319D /* HeaderCell.swift in Sources */ = {isa = PBXBuildFile; fileRef = 948D1D4D1CA74F8F0051319D /* HeaderCell.swift */; };
		94A1E1D01CA720F0009B0A20 /* SwitchCellTableViewCell.swift in Sources */ = {isa = PBXBuildFile; fileRef = 94A1E1CF1CA720F0009B0A20 /* SwitchCellTableViewCell.swift */; };
		94C45CA71CD2AB86000C06AA /* RestruantsList.swift in Sources */ = {isa = PBXBuildFile; fileRef = 94C45CA61CD2AB86000C06AA /* RestruantsList.swift */; };
		94C45CA91CD2AE3E000C06AA /* ActivitiesList.swift in Sources */ = {isa = PBXBuildFile; fileRef = 94C45CA81CD2AE3E000C06AA /* ActivitiesList.swift */; };
		94FA7A8C1CBE0681008C1739 /* MapViewController.swift in Sources */ = {isa = PBXBuildFile; fileRef = 94FA7A8B1CBE0681008C1739 /* MapViewController.swift */; };
		EE18D3B21CB2BB1A0012745E /* ResultsHeaderCell.swift in Sources */ = {isa = PBXBuildFile; fileRef = EE18D3B11CB2BB1A0012745E /* ResultsHeaderCell.swift */; };
		EE18D3B41CB2BB350012745E /* ResultsDataCell.swift in Sources */ = {isa = PBXBuildFile; fileRef = EE18D3B31CB2BB350012745E /* ResultsDataCell.swift */; };
		EE18D3B61CB2BB630012745E /* ResultsTableViewController.swift in Sources */ = {isa = PBXBuildFile; fileRef = EE18D3B51CB2BB630012745E /* ResultsTableViewController.swift */; };
		EE1A351D1CB5F4A5006A19C6 /* DetailViewController.swift in Sources */ = {isa = PBXBuildFile; fileRef = EE1A351C1CB5F4A5006A19C6 /* DetailViewController.swift */; };
		EE1BFD421CA98A0D0008FA25 /* AdvancedFilterViewController.swift in Sources */ = {isa = PBXBuildFile; fileRef = EE1BFD411CA98A0D0008FA25 /* AdvancedFilterViewController.swift */; };
		EE1BFD461CA98CFE0008FA25 /* AdvancedHeaderCellTableViewCell.swift in Sources */ = {isa = PBXBuildFile; fileRef = EE1BFD451CA98CFE0008FA25 /* AdvancedHeaderCellTableViewCell.swift */; };
		EE1BFD481CA9ADE90008FA25 /* advDataCell.swift in Sources */ = {isa = PBXBuildFile; fileRef = EE1BFD471CA9ADE90008FA25 /* advDataCell.swift */; };
		EE245A421CA1E3D900DF2A76 /* MainMenuViewController.swift in Sources */ = {isa = PBXBuildFile; fileRef = EE245A411CA1E3D900DF2A76 /* MainMenuViewController.swift */; };
		EE245A461CA1FC5300DF2A76 /* PlannerViewController.swift in Sources */ = {isa = PBXBuildFile; fileRef = EE245A451CA1FC5300DF2A76 /* PlannerViewController.swift */; };
		EE245A4A1CA3182200DF2A76 /* Business.swift in Sources */ = {isa = PBXBuildFile; fileRef = EE245A491CA3182200DF2A76 /* Business.swift */; };
		EE245A4C1CA37E3000DF2A76 /* InitialSettingsViewController.swift in Sources */ = {isa = PBXBuildFile; fileRef = EE245A4B1CA37E3000DF2A76 /* InitialSettingsViewController.swift */; };
		EE2961151C99D92C00A088E8 /* YelpClient.swift in Sources */ = {isa = PBXBuildFile; fileRef = EE2961141C99D92C00A088E8 /* YelpClient.swift */; };
		EE5AD39D1CCF0222009C71CB /* LaunchViewController.swift in Sources */ = {isa = PBXBuildFile; fileRef = EE5AD39C1CCF0222009C71CB /* LaunchViewController.swift */; };
		EE83BE241C7D3FC20002DF50 /* AppDelegate.swift in Sources */ = {isa = PBXBuildFile; fileRef = EE83BE231C7D3FC20002DF50 /* AppDelegate.swift */; };
		EE83BE261C7D3FC20002DF50 /* ViewController.swift in Sources */ = {isa = PBXBuildFile; fileRef = EE83BE251C7D3FC20002DF50 /* ViewController.swift */; };
		EE83BE291C7D3FC20002DF50 /* Main.storyboard in Resources */ = {isa = PBXBuildFile; fileRef = EE83BE271C7D3FC20002DF50 /* Main.storyboard */; };
		EE83BE2B1C7D3FC20002DF50 /* Assets.xcassets in Resources */ = {isa = PBXBuildFile; fileRef = EE83BE2A1C7D3FC20002DF50 /* Assets.xcassets */; };
		EE83BE2E1C7D3FC20002DF50 /* LaunchScreen.storyboard in Resources */ = {isa = PBXBuildFile; fileRef = EE83BE2C1C7D3FC20002DF50 /* LaunchScreen.storyboard */; };
/* End PBXBuildFile section */

/* Begin PBXFileReference section */
		3E481C29560FBBB3723F1840 /* Pods-RecommendMe.debug.xcconfig */ = {isa = PBXFileReference; includeInIndex = 1; lastKnownFileType = text.xcconfig; name = "Pods-RecommendMe.debug.xcconfig"; path = "Pods/Target Support Files/Pods-RecommendMe/Pods-RecommendMe.debug.xcconfig"; sourceTree = "<group>"; };
		9419073408F915D68D9ABB04 /* Pods_RecommendMe.framework */ = {isa = PBXFileReference; explicitFileType = wrapper.framework; includeInIndex = 0; path = Pods_RecommendMe.framework; sourceTree = BUILT_PRODUCTS_DIR; };
		948D1D4D1CA74F8F0051319D /* HeaderCell.swift */ = {isa = PBXFileReference; fileEncoding = 4; lastKnownFileType = sourcecode.swift; path = HeaderCell.swift; sourceTree = "<group>"; };
		94A1E1CF1CA720F0009B0A20 /* SwitchCellTableViewCell.swift */ = {isa = PBXFileReference; fileEncoding = 4; lastKnownFileType = sourcecode.swift; path = SwitchCellTableViewCell.swift; sourceTree = "<group>"; };
		94C45CA61CD2AB86000C06AA /* RestruantsList.swift */ = {isa = PBXFileReference; fileEncoding = 4; lastKnownFileType = sourcecode.swift; path = RestruantsList.swift; sourceTree = "<group>"; };
		94C45CA81CD2AE3E000C06AA /* ActivitiesList.swift */ = {isa = PBXFileReference; fileEncoding = 4; lastKnownFileType = sourcecode.swift; path = ActivitiesList.swift; sourceTree = "<group>"; };
		94FA7A8B1CBE0681008C1739 /* MapViewController.swift */ = {isa = PBXFileReference; fileEncoding = 4; lastKnownFileType = sourcecode.swift; path = MapViewController.swift; sourceTree = "<group>"; };
		A59B6B983B93924A5FB7B7C4 /* Pods-RecommendMe.release.xcconfig */ = {isa = PBXFileReference; includeInIndex = 1; lastKnownFileType = text.xcconfig; name = "Pods-RecommendMe.release.xcconfig"; path = "Pods/Target Support Files/Pods-RecommendMe/Pods-RecommendMe.release.xcconfig"; sourceTree = "<group>"; };
		EE18D3B11CB2BB1A0012745E /* ResultsHeaderCell.swift */ = {isa = PBXFileReference; fileEncoding = 4; lastKnownFileType = sourcecode.swift; path = ResultsHeaderCell.swift; sourceTree = "<group>"; };
		EE18D3B31CB2BB350012745E /* ResultsDataCell.swift */ = {isa = PBXFileReference; fileEncoding = 4; lastKnownFileType = sourcecode.swift; path = ResultsDataCell.swift; sourceTree = "<group>"; };
		EE18D3B51CB2BB630012745E /* ResultsTableViewController.swift */ = {isa = PBXFileReference; fileEncoding = 4; lastKnownFileType = sourcecode.swift; path = ResultsTableViewController.swift; sourceTree = "<group>"; };
		EE1A351C1CB5F4A5006A19C6 /* DetailViewController.swift */ = {isa = PBXFileReference; fileEncoding = 4; lastKnownFileType = sourcecode.swift; path = DetailViewController.swift; sourceTree = "<group>"; };
		EE1BFD411CA98A0D0008FA25 /* AdvancedFilterViewController.swift */ = {isa = PBXFileReference; fileEncoding = 4; lastKnownFileType = sourcecode.swift; path = AdvancedFilterViewController.swift; sourceTree = "<group>"; };
		EE1BFD451CA98CFE0008FA25 /* AdvancedHeaderCellTableViewCell.swift */ = {isa = PBXFileReference; fileEncoding = 4; lastKnownFileType = sourcecode.swift; path = AdvancedHeaderCellTableViewCell.swift; sourceTree = "<group>"; };
		EE1BFD471CA9ADE90008FA25 /* advDataCell.swift */ = {isa = PBXFileReference; fileEncoding = 4; lastKnownFileType = sourcecode.swift; path = advDataCell.swift; sourceTree = "<group>"; };
		EE245A411CA1E3D900DF2A76 /* MainMenuViewController.swift */ = {isa = PBXFileReference; fileEncoding = 4; lastKnownFileType = sourcecode.swift; path = MainMenuViewController.swift; sourceTree = "<group>"; };
		EE245A451CA1FC5300DF2A76 /* PlannerViewController.swift */ = {isa = PBXFileReference; fileEncoding = 4; lastKnownFileType = sourcecode.swift; path = PlannerViewController.swift; sourceTree = "<group>"; };
		EE245A491CA3182200DF2A76 /* Business.swift */ = {isa = PBXFileReference; fileEncoding = 4; lastKnownFileType = sourcecode.swift; path = Business.swift; sourceTree = "<group>"; };
		EE245A4B1CA37E3000DF2A76 /* InitialSettingsViewController.swift */ = {isa = PBXFileReference; fileEncoding = 4; lastKnownFileType = sourcecode.swift; path = InitialSettingsViewController.swift; sourceTree = "<group>"; };
		EE2961141C99D92C00A088E8 /* YelpClient.swift */ = {isa = PBXFileReference; fileEncoding = 4; lastKnownFileType = sourcecode.swift; path = YelpClient.swift; sourceTree = "<group>"; };
		EE5AD39C1CCF0222009C71CB /* LaunchViewController.swift */ = {isa = PBXFileReference; fileEncoding = 4; lastKnownFileType = sourcecode.swift; path = LaunchViewController.swift; sourceTree = "<group>"; };
		EE83BE201C7D3FC20002DF50 /* RecommendMe.app */ = {isa = PBXFileReference; explicitFileType = wrapper.application; includeInIndex = 0; path = RecommendMe.app; sourceTree = BUILT_PRODUCTS_DIR; };
		EE83BE231C7D3FC20002DF50 /* AppDelegate.swift */ = {isa = PBXFileReference; lastKnownFileType = sourcecode.swift; path = AppDelegate.swift; sourceTree = "<group>"; };
		EE83BE251C7D3FC20002DF50 /* ViewController.swift */ = {isa = PBXFileReference; lastKnownFileType = sourcecode.swift; path = ViewController.swift; sourceTree = "<group>"; };
		EE83BE281C7D3FC20002DF50 /* Base */ = {isa = PBXFileReference; lastKnownFileType = file.storyboard; name = Base; path = Base.lproj/Main.storyboard; sourceTree = "<group>"; };
		EE83BE2A1C7D3FC20002DF50 /* Assets.xcassets */ = {isa = PBXFileReference; lastKnownFileType = folder.assetcatalog; path = Assets.xcassets; sourceTree = "<group>"; };
		EE83BE2D1C7D3FC20002DF50 /* Base */ = {isa = PBXFileReference; lastKnownFileType = file.storyboard; name = Base; path = Base.lproj/LaunchScreen.storyboard; sourceTree = "<group>"; };
		EE83BE2F1C7D3FC20002DF50 /* Info.plist */ = {isa = PBXFileReference; lastKnownFileType = text.plist.xml; path = Info.plist; sourceTree = "<group>"; };
		FBA83A0326FEA096AEED64EE /* Pods.framework */ = {isa = PBXFileReference; explicitFileType = wrapper.framework; includeInIndex = 0; path = Pods.framework; sourceTree = BUILT_PRODUCTS_DIR; };
/* End PBXFileReference section */

/* Begin PBXFrameworksBuildPhase section */
		EE83BE1D1C7D3FC20002DF50 /* Frameworks */ = {
			isa = PBXFrameworksBuildPhase;
			buildActionMask = 2147483647;
			files = (
				022970F6802EFBB0827418F9 /* Pods_RecommendMe.framework in Frameworks */,
			);
			runOnlyForDeploymentPostprocessing = 0;
		};
/* End PBXFrameworksBuildPhase section */

/* Begin PBXGroup section */
		3F61EBA276A01AE0401421AC /* Frameworks */ = {
			isa = PBXGroup;
			children = (
				9419073408F915D68D9ABB04 /* Pods_RecommendMe.framework */,
				FBA83A0326FEA096AEED64EE /* Pods.framework */,
			);
			name = Frameworks;
			sourceTree = "<group>";
		};
		D91AF5004A1264DEE1CA1134 /* Pods */ = {
			isa = PBXGroup;
			children = (
				3E481C29560FBBB3723F1840 /* Pods-RecommendMe.debug.xcconfig */,
				A59B6B983B93924A5FB7B7C4 /* Pods-RecommendMe.release.xcconfig */,
			);
			name = Pods;
			sourceTree = "<group>";
		};
		EE2961131C99D82300A088E8 /* API */ = {
			isa = PBXGroup;
			children = (
				EE2961141C99D92C00A088E8 /* YelpClient.swift */,
			);
			name = API;
			sourceTree = "<group>";
		};
		EE83BE171C7D3FC20002DF50 = {
			isa = PBXGroup;
			children = (
				EE83BE221C7D3FC20002DF50 /* RecommendMe */,
				EE83BE211C7D3FC20002DF50 /* Products */,
				D91AF5004A1264DEE1CA1134 /* Pods */,
				3F61EBA276A01AE0401421AC /* Frameworks */,
			);
			sourceTree = "<group>";
		};
		EE83BE211C7D3FC20002DF50 /* Products */ = {
			isa = PBXGroup;
			children = (
				EE83BE201C7D3FC20002DF50 /* RecommendMe.app */,
			);
			name = Products;
			sourceTree = "<group>";
		};
		EE83BE221C7D3FC20002DF50 /* RecommendMe */ = {
			isa = PBXGroup;
			children = (
				EE2961131C99D82300A088E8 /* API */,
				EE83BE371C7D3FF60002DF50 /* Model */,
				EE83BE361C7D3FEA0002DF50 /* ViewController */,
				EE83BE351C7D3FE20002DF50 /* Views */,
				EE83BE231C7D3FC20002DF50 /* AppDelegate.swift */,
				EE83BE271C7D3FC20002DF50 /* Main.storyboard */,
				EE83BE2A1C7D3FC20002DF50 /* Assets.xcassets */,
				EE83BE2C1C7D3FC20002DF50 /* LaunchScreen.storyboard */,
				EE83BE2F1C7D3FC20002DF50 /* Info.plist */,
			);
			path = RecommendMe;
			sourceTree = "<group>";
		};
		EE83BE351C7D3FE20002DF50 /* Views */ = {
			isa = PBXGroup;
			children = (
				94A1E1CF1CA720F0009B0A20 /* SwitchCellTableViewCell.swift */,
				948D1D4D1CA74F8F0051319D /* HeaderCell.swift */,
				EE1BFD451CA98CFE0008FA25 /* AdvancedHeaderCellTableViewCell.swift */,
				EE1BFD471CA9ADE90008FA25 /* advDataCell.swift */,
				EE18D3B11CB2BB1A0012745E /* ResultsHeaderCell.swift */,
				EE18D3B31CB2BB350012745E /* ResultsDataCell.swift */,
			);
			name = Views;
			sourceTree = "<group>";
		};
		EE83BE361C7D3FEA0002DF50 /* ViewController */ = {
			isa = PBXGroup;
			children = (
				EE83BE251C7D3FC20002DF50 /* ViewController.swift */,
				EE245A411CA1E3D900DF2A76 /* MainMenuViewController.swift */,
				EE245A451CA1FC5300DF2A76 /* PlannerViewController.swift */,
				EE245A4B1CA37E3000DF2A76 /* InitialSettingsViewController.swift */,
				EE1BFD411CA98A0D0008FA25 /* AdvancedFilterViewController.swift */,
				EE18D3B51CB2BB630012745E /* ResultsTableViewController.swift */,
				EE1A351C1CB5F4A5006A19C6 /* DetailViewController.swift */,
				94FA7A8B1CBE0681008C1739 /* MapViewController.swift */,
				EE5AD39C1CCF0222009C71CB /* LaunchViewController.swift */,
			);
			name = ViewController;
			sourceTree = "<group>";
		};
		EE83BE371C7D3FF60002DF50 /* Model */ = {
			isa = PBXGroup;
			children = (
				EE245A491CA3182200DF2A76 /* Business.swift */,
				94C45CA61CD2AB86000C06AA /* RestruantsList.swift */,
				94C45CA81CD2AE3E000C06AA /* ActivitiesList.swift */,
			);
			name = Model;
			sourceTree = "<group>";
		};
/* End PBXGroup section */

/* Begin PBXNativeTarget section */
		EE83BE1F1C7D3FC20002DF50 /* RecommendMe */ = {
			isa = PBXNativeTarget;
			buildConfigurationList = EE83BE321C7D3FC20002DF50 /* Build configuration list for PBXNativeTarget "RecommendMe" */;
			buildPhases = (
				753C657F7B665D94D668C93A /* Check Pods Manifest.lock */,
				EE83BE1C1C7D3FC20002DF50 /* Sources */,
				EE83BE1D1C7D3FC20002DF50 /* Frameworks */,
				EE83BE1E1C7D3FC20002DF50 /* Resources */,
				F841FF70405030C110FBAB17 /* Embed Pods Frameworks */,
				0E6E5FDF10023A29FF88EE2E /* Copy Pods Resources */,
			);
			buildRules = (
			);
			dependencies = (
			);
			name = RecommendMe;
			productName = RecommendMe;
			productReference = EE83BE201C7D3FC20002DF50 /* RecommendMe.app */;
			productType = "com.apple.product-type.application";
		};
/* End PBXNativeTarget section */

/* Begin PBXProject section */
		EE83BE181C7D3FC20002DF50 /* Project object */ = {
			isa = PBXProject;
			attributes = {
				LastSwiftUpdateCheck = 0720;
				LastUpgradeCheck = 0720;
				ORGANIZATIONNAME = "Team Recommend";
				TargetAttributes = {
					EE83BE1F1C7D3FC20002DF50 = {
						CreatedOnToolsVersion = 7.2;
					};
				};
			};
			buildConfigurationList = EE83BE1B1C7D3FC20002DF50 /* Build configuration list for PBXProject "RecommendMe" */;
			compatibilityVersion = "Xcode 3.2";
			developmentRegion = English;
			hasScannedForEncodings = 0;
			knownRegions = (
				en,
				Base,
			);
			mainGroup = EE83BE171C7D3FC20002DF50;
			productRefGroup = EE83BE211C7D3FC20002DF50 /* Products */;
			projectDirPath = "";
			projectRoot = "";
			targets = (
				EE83BE1F1C7D3FC20002DF50 /* RecommendMe */,
			);
		};
/* End PBXProject section */

/* Begin PBXResourcesBuildPhase section */
		EE83BE1E1C7D3FC20002DF50 /* Resources */ = {
			isa = PBXResourcesBuildPhase;
			buildActionMask = 2147483647;
			files = (
				EE83BE2E1C7D3FC20002DF50 /* LaunchScreen.storyboard in Resources */,
				EE83BE2B1C7D3FC20002DF50 /* Assets.xcassets in Resources */,
				EE83BE291C7D3FC20002DF50 /* Main.storyboard in Resources */,
			);
			runOnlyForDeploymentPostprocessing = 0;
		};
/* End PBXResourcesBuildPhase section */

/* Begin PBXShellScriptBuildPhase section */
		0E6E5FDF10023A29FF88EE2E /* Copy Pods Resources */ = {
			isa = PBXShellScriptBuildPhase;
			buildActionMask = 2147483647;
			files = (
			);
			inputPaths = (
			);
			name = "Copy Pods Resources";
			outputPaths = (
			);
			runOnlyForDeploymentPostprocessing = 0;
			shellPath = /bin/sh;
			shellScript = "\"${SRCROOT}/Pods/Target Support Files/Pods-RecommendMe/Pods-RecommendMe-resources.sh\"\n";
			showEnvVarsInLog = 0;
		};
		753C657F7B665D94D668C93A /* Check Pods Manifest.lock */ = {
			isa = PBXShellScriptBuildPhase;
			buildActionMask = 2147483647;
			files = (
			);
			inputPaths = (
			);
			name = "Check Pods Manifest.lock";
			outputPaths = (
			);
			runOnlyForDeploymentPostprocessing = 0;
			shellPath = /bin/sh;
			shellScript = "diff \"${PODS_ROOT}/../Podfile.lock\" \"${PODS_ROOT}/Manifest.lock\" > /dev/null\nif [[ $? != 0 ]] ; then\n    cat << EOM\nerror: The sandbox is not in sync with the Podfile.lock. Run 'pod install' or update your CocoaPods installation.\nEOM\n    exit 1\nfi\n";
			showEnvVarsInLog = 0;
		};
		F841FF70405030C110FBAB17 /* Embed Pods Frameworks */ = {
			isa = PBXShellScriptBuildPhase;
			buildActionMask = 2147483647;
			files = (
			);
			inputPaths = (
			);
			name = "Embed Pods Frameworks";
			outputPaths = (
			);
			runOnlyForDeploymentPostprocessing = 0;
			shellPath = /bin/sh;
			shellScript = "\"${SRCROOT}/Pods/Target Support Files/Pods-RecommendMe/Pods-RecommendMe-frameworks.sh\"\n";
			showEnvVarsInLog = 0;
		};
/* End PBXShellScriptBuildPhase section */

/* Begin PBXSourcesBuildPhase section */
		EE83BE1C1C7D3FC20002DF50 /* Sources */ = {
			isa = PBXSourcesBuildPhase;
			buildActionMask = 2147483647;
			files = (
				EE245A4C1CA37E3000DF2A76 /* InitialSettingsViewController.swift in Sources */,
				EE245A4A1CA3182200DF2A76 /* Business.swift in Sources */,
				EE83BE261C7D3FC20002DF50 /* ViewController.swift in Sources */,
				EE245A421CA1E3D900DF2A76 /* MainMenuViewController.swift in Sources */,
				EE1BFD461CA98CFE0008FA25 /* AdvancedHeaderCellTableViewCell.swift in Sources */,
				EE1BFD421CA98A0D0008FA25 /* AdvancedFilterViewController.swift in Sources */,
				EE245A461CA1FC5300DF2A76 /* PlannerViewController.swift in Sources */,
				EE5AD39D1CCF0222009C71CB /* LaunchViewController.swift in Sources */,
				EE1A351D1CB5F4A5006A19C6 /* DetailViewController.swift in Sources */,
				948D1D4E1CA74F8F0051319D /* HeaderCell.swift in Sources */,
				EE18D3B41CB2BB350012745E /* ResultsDataCell.swift in Sources */,
				EE18D3B61CB2BB630012745E /* ResultsTableViewController.swift in Sources */,
				94C45CA91CD2AE3E000C06AA /* ActivitiesList.swift in Sources */,
				EE2961151C99D92C00A088E8 /* YelpClient.swift in Sources */,
				EE1BFD481CA9ADE90008FA25 /* advDataCell.swift in Sources */,
				94A1E1D01CA720F0009B0A20 /* SwitchCellTableViewCell.swift in Sources */,
				EE83BE241C7D3FC20002DF50 /* AppDelegate.swift in Sources */,
				94C45CA71CD2AB86000C06AA /* RestruantsList.swift in Sources */,
				EE18D3B21CB2BB1A0012745E /* ResultsHeaderCell.swift in Sources */,
				94FA7A8C1CBE0681008C1739 /* MapViewController.swift in Sources */,
			);
			runOnlyForDeploymentPostprocessing = 0;
		};
/* End PBXSourcesBuildPhase section */

/* Begin PBXVariantGroup section */
		EE83BE271C7D3FC20002DF50 /* Main.storyboard */ = {
			isa = PBXVariantGroup;
			children = (
				EE83BE281C7D3FC20002DF50 /* Base */,
			);
			name = Main.storyboard;
			sourceTree = "<group>";
		};
		EE83BE2C1C7D3FC20002DF50 /* LaunchScreen.storyboard */ = {
			isa = PBXVariantGroup;
			children = (
				EE83BE2D1C7D3FC20002DF50 /* Base */,
			);
			name = LaunchScreen.storyboard;
			sourceTree = "<group>";
		};
/* End PBXVariantGroup section */

/* Begin XCBuildConfiguration section */
		EE83BE301C7D3FC20002DF50 /* Debug */ = {
			isa = XCBuildConfiguration;
			buildSettings = {
				ALWAYS_SEARCH_USER_PATHS = NO;
				CLANG_CXX_LANGUAGE_STANDARD = "gnu++0x";
				CLANG_CXX_LIBRARY = "libc++";
				CLANG_ENABLE_MODULES = YES;
				CLANG_ENABLE_OBJC_ARC = YES;
				CLANG_WARN_BOOL_CONVERSION = YES;
				CLANG_WARN_CONSTANT_CONVERSION = YES;
				CLANG_WARN_DIRECT_OBJC_ISA_USAGE = YES_ERROR;
				CLANG_WARN_EMPTY_BODY = YES;
				CLANG_WARN_ENUM_CONVERSION = YES;
				CLANG_WARN_INT_CONVERSION = YES;
				CLANG_WARN_OBJC_ROOT_CLASS = YES_ERROR;
				CLANG_WARN_UNREACHABLE_CODE = YES;
				CLANG_WARN__DUPLICATE_METHOD_MATCH = YES;
				"CODE_SIGN_IDENTITY[sdk=iphoneos*]" = "iPhone Developer";
				COPY_PHASE_STRIP = NO;
				DEBUG_INFORMATION_FORMAT = dwarf;
				ENABLE_STRICT_OBJC_MSGSEND = YES;
				ENABLE_TESTABILITY = YES;
				GCC_C_LANGUAGE_STANDARD = gnu99;
				GCC_DYNAMIC_NO_PIC = NO;
				GCC_NO_COMMON_BLOCKS = YES;
				GCC_OPTIMIZATION_LEVEL = 0;
				GCC_PREPROCESSOR_DEFINITIONS = (
					"DEBUG=1",
					"$(inherited)",
				);
				GCC_WARN_64_TO_32_BIT_CONVERSION = YES;
				GCC_WARN_ABOUT_RETURN_TYPE = YES_ERROR;
				GCC_WARN_UNDECLARED_SELECTOR = YES;
				GCC_WARN_UNINITIALIZED_AUTOS = YES_AGGRESSIVE;
				GCC_WARN_UNUSED_FUNCTION = YES;
				GCC_WARN_UNUSED_VARIABLE = YES;
				IPHONEOS_DEPLOYMENT_TARGET = 9.2;
				MTL_ENABLE_DEBUG_INFO = YES;
				ONLY_ACTIVE_ARCH = YES;
				SDKROOT = iphoneos;
				SWIFT_OPTIMIZATION_LEVEL = "-Onone";
			};
			name = Debug;
		};
		EE83BE311C7D3FC20002DF50 /* Release */ = {
			isa = XCBuildConfiguration;
			buildSettings = {
				ALWAYS_SEARCH_USER_PATHS = NO;
				CLANG_CXX_LANGUAGE_STANDARD = "gnu++0x";
				CLANG_CXX_LIBRARY = "libc++";
				CLANG_ENABLE_MODULES = YES;
				CLANG_ENABLE_OBJC_ARC = YES;
				CLANG_WARN_BOOL_CONVERSION = YES;
				CLANG_WARN_CONSTANT_CONVERSION = YES;
				CLANG_WARN_DIRECT_OBJC_ISA_USAGE = YES_ERROR;
				CLANG_WARN_EMPTY_BODY = YES;
				CLANG_WARN_ENUM_CONVERSION = YES;
				CLANG_WARN_INT_CONVERSION = YES;
				CLANG_WARN_OBJC_ROOT_CLASS = YES_ERROR;
				CLANG_WARN_UNREACHABLE_CODE = YES;
				CLANG_WARN__DUPLICATE_METHOD_MATCH = YES;
				"CODE_SIGN_IDENTITY[sdk=iphoneos*]" = "iPhone Developer";
				COPY_PHASE_STRIP = NO;
				DEBUG_INFORMATION_FORMAT = "dwarf-with-dsym";
				ENABLE_NS_ASSERTIONS = NO;
				ENABLE_STRICT_OBJC_MSGSEND = YES;
				GCC_C_LANGUAGE_STANDARD = gnu99;
				GCC_NO_COMMON_BLOCKS = YES;
				GCC_WARN_64_TO_32_BIT_CONVERSION = YES;
				GCC_WARN_ABOUT_RETURN_TYPE = YES_ERROR;
				GCC_WARN_UNDECLARED_SELECTOR = YES;
				GCC_WARN_UNINITIALIZED_AUTOS = YES_AGGRESSIVE;
				GCC_WARN_UNUSED_FUNCTION = YES;
				GCC_WARN_UNUSED_VARIABLE = YES;
				IPHONEOS_DEPLOYMENT_TARGET = 9.2;
				MTL_ENABLE_DEBUG_INFO = NO;
				SDKROOT = iphoneos;
				VALIDATE_PRODUCT = YES;
			};
			name = Release;
		};
		EE83BE331C7D3FC20002DF50 /* Debug */ = {
			isa = XCBuildConfiguration;
			baseConfigurationReference = 3E481C29560FBBB3723F1840 /* Pods-RecommendMe.debug.xcconfig */;
			buildSettings = {
				ASSETCATALOG_COMPILER_APPICON_NAME = AppIcon;
				INFOPLIST_FILE = RecommendMe/Info.plist;
				IPHONEOS_DEPLOYMENT_TARGET = 9.2;
				LD_RUNPATH_SEARCH_PATHS = "$(inherited) @executable_path/Frameworks";
				PRODUCT_BUNDLE_IDENTIFIER = TeamRecommend.RecommendMe;
				PRODUCT_NAME = "$(TARGET_NAME)";
			};
			name = Debug;
		};
		EE83BE341C7D3FC20002DF50 /* Release */ = {
			isa = XCBuildConfiguration;
			baseConfigurationReference = A59B6B983B93924A5FB7B7C4 /* Pods-RecommendMe.release.xcconfig */;
			buildSettings = {
				ASSETCATALOG_COMPILER_APPICON_NAME = AppIcon;
				INFOPLIST_FILE = RecommendMe/Info.plist;
				IPHONEOS_DEPLOYMENT_TARGET = 9.2;
				LD_RUNPATH_SEARCH_PATHS = "$(inherited) @executable_path/Frameworks";
				PRODUCT_BUNDLE_IDENTIFIER = TeamRecommend.RecommendMe;
				PRODUCT_NAME = "$(TARGET_NAME)";
			};
			name = Release;
		};
/* End XCBuildConfiguration section */

/* Begin XCConfigurationList section */
		EE83BE1B1C7D3FC20002DF50 /* Build configuration list for PBXProject "RecommendMe" */ = {
			isa = XCConfigurationList;
			buildConfigurations = (
				EE83BE301C7D3FC20002DF50 /* Debug */,
				EE83BE311C7D3FC20002DF50 /* Release */,
			);
			defaultConfigurationIsVisible = 0;
			defaultConfigurationName = Release;
		};
		EE83BE321C7D3FC20002DF50 /* Build configuration list for PBXNativeTarget "RecommendMe" */ = {
			isa = XCConfigurationList;
			buildConfigurations = (
				EE83BE331C7D3FC20002DF50 /* Debug */,
				EE83BE341C7D3FC20002DF50 /* Release */,
			);
			defaultConfigurationIsVisible = 0;
			defaultConfigurationName = Release;
		};
/* End XCConfigurationList section */
	};
	rootObject = EE83BE181C7D3FC20002DF50 /* Project object */;
}
